
Microsoft Visual Studio Solution File, Format Version 12.00
# Visual Studio Version 16
VisualStudioVersion = 16.0.31313.79
MinimumVisualStudioVersion = 10.0.40219.1
Project("{FAE04EC0-301F-11D3-BF4B-00C04F79EFBC}") = "FreelanceSystemDemo", "FreelanceSystemDemo\FreelanceSystemDemo.csproj", "{FEE04DF7-A023-4165-8918-41F7649F1969}"
EndProject
Global
	GlobalSection(SolutionConfigurationPlatforms) = preSolution
		Debug|Any CPU = Debug|Any CPU
		Release|Any CPU = Release|Any CPU
	EndGlobalSection
	GlobalSection(ProjectConfigurationPlatforms) = postSolution
		{FEE04DF7-A023-4165-8918-41F7649F1969}.Debug|Any CPU.ActiveCfg = Debug|Any CPU
		{FEE04DF7-A023-4165-8918-41F7649F1969}.Debug|Any CPU.Build.0 = Debug|Any CPU
		{FEE04DF7-A023-4165-8918-41F7649F1969}.Release|Any CPU.ActiveCfg = Release|Any CPU
		{FEE04DF7-A023-4165-8918-41F7649F1969}.Release|Any CPU.Build.0 = Release|Any CPU
	EndGlobalSection
	GlobalSection(SolutionProperties) = preSolution
		HideSolutionNode = FALSE
	EndGlobalSection
	GlobalSection(ExtensibilityGlobals) = postSolution
		SolutionGuid = {FEBC7650-3FFA-403A-8DD0-D6F19077EA8D}
	EndGlobalSection
EndGlobal
